
Microsoft Visual Studio Solution File, Format Version 12.00
# Visual Studio Version 17
VisualStudioVersion = 17.8.34330.188
MinimumVisualStudioVersion = 10.0.40219.1
Project("{FAE04EC0-301F-11D3-BF4B-00C04F79EFBC}") = "BethanysPieShop", "BethanysPieShop.csproj", "{061E3CB1-05F4-4214-A244-29B2BABABED2}"
EndProject
Global
	GlobalSection(SolutionConfigurationPlatforms) = preSolution
		Debug|Any CPU = Debug|Any CPU
		Release|Any CPU = Release|Any CPU
	EndGlobalSection
	GlobalSection(ProjectConfigurationPlatforms) = postSolution
		{061E3CB1-05F4-4214-A244-29B2BABABED2}.Debug|Any CPU.ActiveCfg = Debug|Any CPU
		{061E3CB1-05F4-4214-A244-29B2BABABED2}.Debug|Any CPU.Build.0 = Debug|Any CPU
		{061E3CB1-05F4-4214-A244-29B2BABABED2}.Release|Any CPU.ActiveCfg = Release|Any CPU
		{061E3CB1-05F4-4214-A244-29B2BABABED2}.Release|Any CPU.Build.0 = Release|Any CPU
	EndGlobalSection
	GlobalSection(SolutionProperties) = preSolution
		HideSolutionNode = FALSE
	EndGlobalSection
	GlobalSection(ExtensibilityGlobals) = postSolution
		SolutionGuid = {3EB7F501-4806-4CE1-9CAA-D14D30A101AD}
	EndGlobalSection
EndGlobal
